
Microsoft Visual Studio Solution File, Format Version 12.00
# Visual Studio Version 17
VisualStudioVersion = 17.10.35027.167
MinimumVisualStudioVersion = 10.0.40219.1
Project("{FAE04EC0-301F-11D3-BF4B-00C04F79EFBC}") = "StringingStore", "StringingStore.csproj", "{6157C72A-C4E8-4D4A-A321-DEE5562E9245}"
EndProject
Global
	GlobalSection(SolutionConfigurationPlatforms) = preSolution
		Debug|Any CPU = Debug|Any CPU
		Release|Any CPU = Release|Any CPU
	EndGlobalSection
	GlobalSection(ProjectConfigurationPlatforms) = postSolution
		{6157C72A-C4E8-4D4A-A321-DEE5562E9245}.Debug|Any CPU.ActiveCfg = Debug|Any CPU
		{6157C72A-C4E8-4D4A-A321-DEE5562E9245}.Debug|Any CPU.Build.0 = Debug|Any CPU
		{6157C72A-C4E8-4D4A-A321-DEE5562E9245}.Release|Any CPU.ActiveCfg = Release|Any CPU
		{6157C72A-C4E8-4D4A-A321-DEE5562E9245}.Release|Any CPU.Build.0 = Release|Any CPU
	EndGlobalSection
	GlobalSection(SolutionProperties) = preSolution
		HideSolutionNode = FALSE
	EndGlobalSection
	GlobalSection(ExtensibilityGlobals) = postSolution
		SolutionGuid = {60208654-A880-4969-B72A-190A98F9167B}
	EndGlobalSection
EndGlobal
